
Microsoft Visual Studio Solution File, Format Version 12.00
# Visual Studio 15
VisualStudioVersion = 15.0.27703.2026
MinimumVisualStudioVersion = 10.0.40219.1
Project("{FAE04EC0-301F-11D3-BF4B-00C04F79EFBC}") = "HSEvents.Web", "HSEvents.Web\HSEvents.Web.csproj", "{7EB98DD1-1868-4B43-8759-069AED9CC7B2}"
EndProject
Project("{FAE04EC0-301F-11D3-BF4B-00C04F79EFBC}") = "Domain", "Domain\Domain.csproj", "{C72149FD-CA39-418C-8B7D-F1F43E1182E9}"
EndProject
Global
	GlobalSection(SolutionConfigurationPlatforms) = preSolution
		Debug|Any CPU = Debug|Any CPU
		Release|Any CPU = Release|Any CPU
		Test|Any CPU = Test|Any CPU
	EndGlobalSection
	GlobalSection(ProjectConfigurationPlatforms) = postSolution
		{7EB98DD1-1868-4B43-8759-069AED9CC7B2}.Debug|Any CPU.ActiveCfg = Debug|Any CPU
		{7EB98DD1-1868-4B43-8759-069AED9CC7B2}.Debug|Any CPU.Build.0 = Debug|Any CPU
		{7EB98DD1-1868-4B43-8759-069AED9CC7B2}.Release|Any CPU.ActiveCfg = Release|Any CPU
		{7EB98DD1-1868-4B43-8759-069AED9CC7B2}.Release|Any CPU.Build.0 = Release|Any CPU
		{7EB98DD1-1868-4B43-8759-069AED9CC7B2}.Test|Any CPU.ActiveCfg = Test|Any CPU
		{7EB98DD1-1868-4B43-8759-069AED9CC7B2}.Test|Any CPU.Build.0 = Test|Any CPU
		{7EB98DD1-1868-4B43-8759-069AED9CC7B2}.Test|Any CPU.Deploy.0 = Test|Any CPU
		{C72149FD-CA39-418C-8B7D-F1F43E1182E9}.Debug|Any CPU.ActiveCfg = Debug|Any CPU
		{C72149FD-CA39-418C-8B7D-F1F43E1182E9}.Debug|Any CPU.Build.0 = Debug|Any CPU
		{C72149FD-CA39-418C-8B7D-F1F43E1182E9}.Release|Any CPU.ActiveCfg = Release|Any CPU
		{C72149FD-CA39-418C-8B7D-F1F43E1182E9}.Release|Any CPU.Build.0 = Release|Any CPU
		{C72149FD-CA39-418C-8B7D-F1F43E1182E9}.Test|Any CPU.ActiveCfg = Release|Any CPU
		{C72149FD-CA39-418C-8B7D-F1F43E1182E9}.Test|Any CPU.Build.0 = Release|Any CPU
	EndGlobalSection
	GlobalSection(SolutionProperties) = preSolution
		HideSolutionNode = FALSE
	EndGlobalSection
	GlobalSection(ExtensibilityGlobals) = postSolution
		SolutionGuid = {892A0507-8BDE-41F1-9AD9-D2EF5094581B}
	EndGlobalSection
EndGlobal
